
Microsoft Visual Studio Solution File, Format Version 12.00
# Visual Studio Version 16
Project("{8BC9CEB8-8B4A-11D0-8D11-00A0C91BC942}") = "ALL_BUILD", "ALL_BUILD.vcxproj", "{E32E0767-896E-3342-86EB-B2085734594D}"
	ProjectSection(ProjectDependencies) = postProject
		{06309365-B504-3E64-A7AC-005D9240A7FC} = {06309365-B504-3E64-A7AC-005D9240A7FC}
		{5E9CB898-DA00-3181-B612-9DEA7C1BFC34} = {5E9CB898-DA00-3181-B612-9DEA7C1BFC34}
		{0C1E57DF-FB52-36DD-B0B3-4F7BB249C413} = {0C1E57DF-FB52-36DD-B0B3-4F7BB249C413}
		{75069813-8109-316D-BA5C-2B959FC6C6B8} = {75069813-8109-316D-BA5C-2B959FC6C6B8}
		{BFD9E185-6B1A-35A2-A886-4AF858285A27} = {BFD9E185-6B1A-35A2-A886-4AF858285A27}
		{7EFCEF0A-4302-3F75-9335-F604ACB632CE} = {7EFCEF0A-4302-3F75-9335-F604ACB632CE}
		{5F8104F7-AB93-3443-AC29-F6B47AA0AA49} = {5F8104F7-AB93-3443-AC29-F6B47AA0AA49}
	EndProjectSection
EndProject
Project("{8BC9CEB8-8B4A-11D0-8D11-00A0C91BC942}") = "INSTALL", "INSTALL.vcxproj", "{0D46CB09-D98B-3752-BFC5-7CC66597EFC1}"
	ProjectSection(ProjectDependencies) = postProject
		{E32E0767-896E-3342-86EB-B2085734594D} = {E32E0767-896E-3342-86EB-B2085734594D}
		{06309365-B504-3E64-A7AC-005D9240A7FC} = {06309365-B504-3E64-A7AC-005D9240A7FC}
	EndProjectSection
EndProject
Project("{8BC9CEB8-8B4A-11D0-8D11-00A0C91BC942}") = "ZERO_CHECK", "ZERO_CHECK.vcxproj", "{06309365-B504-3E64-A7AC-005D9240A7FC}"
	ProjectSection(ProjectDependencies) = postProject
	EndProjectSection
EndProject
Project("{8BC9CEB8-8B4A-11D0-8D11-00A0C91BC942}") = "ggml", "third_party\whisper.cpp\ggml\src\ggml.vcxproj", "{5E9CB898-DA00-3181-B612-9DEA7C1BFC34}"
	ProjectSection(ProjectDependencies) = postProject
		{06309365-B504-3E64-A7AC-005D9240A7FC} = {06309365-B504-3E64-A7AC-005D9240A7FC}
		{0C1E57DF-FB52-36DD-B0B3-4F7BB249C413} = {0C1E57DF-FB52-36DD-B0B3-4F7BB249C413}
		{75069813-8109-316D-BA5C-2B959FC6C6B8} = {75069813-8109-316D-BA5C-2B959FC6C6B8}
	EndProjectSection
EndProject
Project("{8BC9CEB8-8B4A-11D0-8D11-00A0C91BC942}") = "ggml-base", "third_party\whisper.cpp\ggml\src\ggml-base.vcxproj", "{0C1E57DF-FB52-36DD-B0B3-4F7BB249C413}"
	ProjectSection(ProjectDependencies) = postProject
		{06309365-B504-3E64-A7AC-005D9240A7FC} = {06309365-B504-3E64-A7AC-005D9240A7FC}
	EndProjectSection
EndProject
Project("{8BC9CEB8-8B4A-11D0-8D11-00A0C91BC942}") = "ggml-cpu", "third_party\whisper.cpp\ggml\src\ggml-cpu.vcxproj", "{75069813-8109-316D-BA5C-2B959FC6C6B8}"
	ProjectSection(ProjectDependencies) = postProject
		{06309365-B504-3E64-A7AC-005D9240A7FC} = {06309365-B504-3E64-A7AC-005D9240A7FC}
		{0C1E57DF-FB52-36DD-B0B3-4F7BB249C413} = {0C1E57DF-FB52-36DD-B0B3-4F7BB249C413}
	EndProjectSection
EndProject
Project("{8BC9CEB8-8B4A-11D0-8D11-00A0C91BC942}") = "subrtx", "subrtx.vcxproj", "{BFD9E185-6B1A-35A2-A886-4AF858285A27}"
	ProjectSection(ProjectDependencies) = postProject
		{06309365-B504-3E64-A7AC-005D9240A7FC} = {06309365-B504-3E64-A7AC-005D9240A7FC}
		{5E9CB898-DA00-3181-B612-9DEA7C1BFC34} = {5E9CB898-DA00-3181-B612-9DEA7C1BFC34}
		{0C1E57DF-FB52-36DD-B0B3-4F7BB249C413} = {0C1E57DF-FB52-36DD-B0B3-4F7BB249C413}
		{75069813-8109-316D-BA5C-2B959FC6C6B8} = {75069813-8109-316D-BA5C-2B959FC6C6B8}
		{5F8104F7-AB93-3443-AC29-F6B47AA0AA49} = {5F8104F7-AB93-3443-AC29-F6B47AA0AA49}
	EndProjectSection
EndProject
Project("{8BC9CEB8-8B4A-11D0-8D11-00A0C91BC942}") = "subrtx_cli", "subrtx_cli.vcxproj", "{7EFCEF0A-4302-3F75-9335-F604ACB632CE}"
	ProjectSection(ProjectDependencies) = postProject
		{06309365-B504-3E64-A7AC-005D9240A7FC} = {06309365-B504-3E64-A7AC-005D9240A7FC}
		{BFD9E185-6B1A-35A2-A886-4AF858285A27} = {BFD9E185-6B1A-35A2-A886-4AF858285A27}
	EndProjectSection
EndProject
Project("{8BC9CEB8-8B4A-11D0-8D11-00A0C91BC942}") = "whisper", "third_party\whisper.cpp\src\whisper.vcxproj", "{5F8104F7-AB93-3443-AC29-F6B47AA0AA49}"
	ProjectSection(ProjectDependencies) = postProject
		{06309365-B504-3E64-A7AC-005D9240A7FC} = {06309365-B504-3E64-A7AC-005D9240A7FC}
		{5E9CB898-DA00-3181-B612-9DEA7C1BFC34} = {5E9CB898-DA00-3181-B612-9DEA7C1BFC34}
		{0C1E57DF-FB52-36DD-B0B3-4F7BB249C413} = {0C1E57DF-FB52-36DD-B0B3-4F7BB249C413}
		{75069813-8109-316D-BA5C-2B959FC6C6B8} = {75069813-8109-316D-BA5C-2B959FC6C6B8}
	EndProjectSection
EndProject
Global
	GlobalSection(SolutionConfigurationPlatforms) = preSolution
		Debug|x64 = Debug|x64
		Release|x64 = Release|x64
		MinSizeRel|x64 = MinSizeRel|x64
		RelWithDebInfo|x64 = RelWithDebInfo|x64
	EndGlobalSection
	GlobalSection(ProjectConfigurationPlatforms) = postSolution
		{E32E0767-896E-3342-86EB-B2085734594D}.Debug|x64.ActiveCfg = Debug|x64
		{E32E0767-896E-3342-86EB-B2085734594D}.Debug|x64.Build.0 = Debug|x64
		{E32E0767-896E-3342-86EB-B2085734594D}.Release|x64.ActiveCfg = Release|x64
		{E32E0767-896E-3342-86EB-B2085734594D}.Release|x64.Build.0 = Release|x64
		{E32E0767-896E-3342-86EB-B2085734594D}.MinSizeRel|x64.ActiveCfg = MinSizeRel|x64
		{E32E0767-896E-3342-86EB-B2085734594D}.MinSizeRel|x64.Build.0 = MinSizeRel|x64
		{E32E0767-896E-3342-86EB-B2085734594D}.RelWithDebInfo|x64.ActiveCfg = RelWithDebInfo|x64
		{E32E0767-896E-3342-86EB-B2085734594D}.RelWithDebInfo|x64.Build.0 = RelWithDebInfo|x64
		{0D46CB09-D98B-3752-BFC5-7CC66597EFC1}.Debug|x64.ActiveCfg = Debug|x64
		{0D46CB09-D98B-3752-BFC5-7CC66597EFC1}.Release|x64.ActiveCfg = Release|x64
		{0D46CB09-D98B-3752-BFC5-7CC66597EFC1}.MinSizeRel|x64.ActiveCfg = MinSizeRel|x64
		{0D46CB09-D98B-3752-BFC5-7CC66597EFC1}.RelWithDebInfo|x64.ActiveCfg = RelWithDebInfo|x64
		{06309365-B504-3E64-A7AC-005D9240A7FC}.Debug|x64.ActiveCfg = Debug|x64
		{06309365-B504-3E64-A7AC-005D9240A7FC}.Debug|x64.Build.0 = Debug|x64
		{06309365-B504-3E64-A7AC-005D9240A7FC}.Release|x64.ActiveCfg = Release|x64
		{06309365-B504-3E64-A7AC-005D9240A7FC}.Release|x64.Build.0 = Release|x64
		{06309365-B504-3E64-A7AC-005D9240A7FC}.MinSizeRel|x64.ActiveCfg = MinSizeRel|x64
		{06309365-B504-3E64-A7AC-005D9240A7FC}.MinSizeRel|x64.Build.0 = MinSizeRel|x64
		{06309365-B504-3E64-A7AC-005D9240A7FC}.RelWithDebInfo|x64.ActiveCfg = RelWithDebInfo|x64
		{06309365-B504-3E64-A7AC-005D9240A7FC}.RelWithDebInfo|x64.Build.0 = RelWithDebInfo|x64
		{5E9CB898-DA00-3181-B612-9DEA7C1BFC34}.Debug|x64.ActiveCfg = Debug|x64
		{5E9CB898-DA00-3181-B612-9DEA7C1BFC34}.Debug|x64.Build.0 = Debug|x64
		{5E9CB898-DA00-3181-B612-9DEA7C1BFC34}.Release|x64.ActiveCfg = Release|x64
		{5E9CB898-DA00-3181-B612-9DEA7C1BFC34}.Release|x64.Build.0 = Release|x64
		{5E9CB898-DA00-3181-B612-9DEA7C1BFC34}.MinSizeRel|x64.ActiveCfg = MinSizeRel|x64
		{5E9CB898-DA00-3181-B612-9DEA7C1BFC34}.MinSizeRel|x64.Build.0 = MinSizeRel|x64
		{5E9CB898-DA00-3181-B612-9DEA7C1BFC34}.RelWithDebInfo|x64.ActiveCfg = RelWithDebInfo|x64
		{5E9CB898-DA00-3181-B612-9DEA7C1BFC34}.RelWithDebInfo|x64.Build.0 = RelWithDebInfo|x64
		{0C1E57DF-FB52-36DD-B0B3-4F7BB249C413}.Debug|x64.ActiveCfg = Debug|x64
		{0C1E57DF-FB52-36DD-B0B3-4F7BB249C413}.Debug|x64.Build.0 = Debug|x64
		{0C1E57DF-FB52-36DD-B0B3-4F7BB249C413}.Release|x64.ActiveCfg = Release|x64
		{0C1E57DF-FB52-36DD-B0B3-4F7BB249C413}.Release|x64.Build.0 = Release|x64
		{0C1E57DF-FB52-36DD-B0B3-4F7BB249C413}.MinSizeRel|x64.ActiveCfg = MinSizeRel|x64
		{0C1E57DF-FB52-36DD-B0B3-4F7BB249C413}.MinSizeRel|x64.Build.0 = MinSizeRel|x64
		{0C1E57DF-FB52-36DD-B0B3-4F7BB249C413}.RelWithDebInfo|x64.ActiveCfg = RelWithDebInfo|x64
		{0C1E57DF-FB52-36DD-B0B3-4F7BB249C413}.RelWithDebInfo|x64.Build.0 = RelWithDebInfo|x64
		{75069813-8109-316D-BA5C-2B959FC6C6B8}.Debug|x64.ActiveCfg = Debug|x64
		{75069813-8109-316D-BA5C-2B959FC6C6B8}.Debug|x64.Build.0 = Debug|x64
		{75069813-8109-316D-BA5C-2B959FC6C6B8}.Release|x64.ActiveCfg = Release|x64
		{75069813-8109-316D-BA5C-2B959FC6C6B8}.Release|x64.Build.0 = Release|x64
		{75069813-8109-316D-BA5C-2B959FC6C6B8}.MinSizeRel|x64.ActiveCfg = MinSizeRel|x64
		{75069813-8109-316D-BA5C-2B959FC6C6B8}.MinSizeRel|x64.Build.0 = MinSizeRel|x64
		{75069813-8109-316D-BA5C-2B959FC6C6B8}.RelWithDebInfo|x64.ActiveCfg = RelWithDebInfo|x64
		{75069813-8109-316D-BA5C-2B959FC6C6B8}.RelWithDebInfo|x64.Build.0 = RelWithDebInfo|x64
		{BFD9E185-6B1A-35A2-A886-4AF858285A27}.Debug|x64.ActiveCfg = Debug|x64
		{BFD9E185-6B1A-35A2-A886-4AF858285A27}.Debug|x64.Build.0 = Debug|x64
		{BFD9E185-6B1A-35A2-A886-4AF858285A27}.Release|x64.ActiveCfg = Release|x64
		{BFD9E185-6B1A-35A2-A886-4AF858285A27}.Release|x64.Build.0 = Release|x64
		{BFD9E185-6B1A-35A2-A886-4AF858285A27}.MinSizeRel|x64.ActiveCfg = MinSizeRel|x64
		{BFD9E185-6B1A-35A2-A886-4AF858285A27}.MinSizeRel|x64.Build.0 = MinSizeRel|x64
		{BFD9E185-6B1A-35A2-A886-4AF858285A27}.RelWithDebInfo|x64.ActiveCfg = RelWithDebInfo|x64
		{BFD9E185-6B1A-35A2-A886-4AF858285A27}.RelWithDebInfo|x64.Build.0 = RelWithDebInfo|x64
		{7EFCEF0A-4302-3F75-9335-F604ACB632CE}.Debug|x64.ActiveCfg = Debug|x64
		{7EFCEF0A-4302-3F75-9335-F604ACB632CE}.Debug|x64.Build.0 = Debug|x64
		{7EFCEF0A-4302-3F75-9335-F604ACB632CE}.Release|x64.ActiveCfg = Release|x64
		{7EFCEF0A-4302-3F75-9335-F604ACB632CE}.Release|x64.Build.0 = Release|x64
		{7EFCEF0A-4302-3F75-9335-F604ACB632CE}.MinSizeRel|x64.ActiveCfg = MinSizeRel|x64
		{7EFCEF0A-4302-3F75-9335-F604ACB632CE}.MinSizeRel|x64.Build.0 = MinSizeRel|x64
		{7EFCEF0A-4302-3F75-9335-F604ACB632CE}.RelWithDebInfo|x64.ActiveCfg = RelWithDebInfo|x64
		{7EFCEF0A-4302-3F75-9335-F604ACB632CE}.RelWithDebInfo|x64.Build.0 = RelWithDebInfo|x64
		{5F8104F7-AB93-3443-AC29-F6B47AA0AA49}.Debug|x64.ActiveCfg = Debug|x64
		{5F8104F7-AB93-3443-AC29-F6B47AA0AA49}.Debug|x64.Build.0 = Debug|x64
		{5F8104F7-AB93-3443-AC29-F6B47AA0AA49}.Release|x64.ActiveCfg = Release|x64
		{5F8104F7-AB93-3443-AC29-F6B47AA0AA49}.Release|x64.Build.0 = Release|x64
		{5F8104F7-AB93-3443-AC29-F6B47AA0AA49}.MinSizeRel|x64.ActiveCfg = MinSizeRel|x64
		{5F8104F7-AB93-3443-AC29-F6B47AA0AA49}.MinSizeRel|x64.Build.0 = MinSizeRel|x64
		{5F8104F7-AB93-3443-AC29-F6B47AA0AA49}.RelWithDebInfo|x64.ActiveCfg = RelWithDebInfo|x64
		{5F8104F7-AB93-3443-AC29-F6B47AA0AA49}.RelWithDebInfo|x64.Build.0 = RelWithDebInfo|x64
	EndGlobalSection
	GlobalSection(ExtensibilityGlobals) = postSolution
		SolutionGuid = {5EA6F8E0-241A-36C5-A1C6-A46F6DAAD31F}
	EndGlobalSection
	GlobalSection(ExtensibilityAddIns) = postSolution
	EndGlobalSection
EndGlobal
